// !$*UTF8*$!
{
	archiveVersion = 1;
	classes = {
	};
	objectVersion = 52;
	objects = {

/* Begin PBXBuildFile section */
		5D13469924C4F60100DFB5BE /* StatTypeFilter.swift in Sources */ = {isa = PBXBuildFile; fileRef = 5D13469824C4F60100DFB5BE /* StatTypeFilter.swift */; };
		5D3BE5912496AEBB008E70A6 /* Color+Extension.swift in Sources */ = {isa = PBXBuildFile; fileRef = 5D3BE5902496AEBB008E70A6 /* Color+Extension.swift */; };
		5D3BE5962499AF4B008E70A6 /* ContentLoadingView.swift in Sources */ = {isa = PBXBuildFile; fileRef = 5D3BE5952499AF4B008E70A6 /* ContentLoadingView.swift */; };
		5D3BE5992499B26A008E70A6 /* CountryListItem.swift in Sources */ = {isa = PBXBuildFile; fileRef = 5D3BE5982499B26A008E70A6 /* CountryListItem.swift */; };
		5D3BE59B2499B2A9008E70A6 /* String+Extension.swift in Sources */ = {isa = PBXBuildFile; fileRef = 5D3BE59A2499B2A9008E70A6 /* String+Extension.swift */; };
		5D3BE59D2499B3A1008E70A6 /* StatsView.swift in Sources */ = {isa = PBXBuildFile; fileRef = 5D3BE59C2499B3A1008E70A6 /* StatsView.swift */; };
		5D3BE59F2499B4FF008E70A6 /* HeaderView.swift in Sources */ = {isa = PBXBuildFile; fileRef = 5D3BE59E2499B4FF008E70A6 /* HeaderView.swift */; };
		5D3BE5A12499B757008E70A6 /* UITextFieldView.swift in Sources */ = {isa = PBXBuildFile; fileRef = 5D3BE5A02499B757008E70A6 /* UITextFieldView.swift */; };
		5DBB268D24A7E9240063CDBB /* IconButton.swift in Sources */ = {isa = PBXBuildFile; fileRef = 5DBB268C24A7E9240063CDBB /* IconButton.swift */; };
		5DBB269024A7E9A90063CDBB /* CountryDetailView.swift in Sources */ = {isa = PBXBuildFile; fileRef = 5DBB268F24A7E9A90063CDBB /* CountryDetailView.swift */; };
		5DBB269324A7EDC80063CDBB /* SwiftUICharts in Frameworks */ = {isa = PBXBuildFile; productRef = 5DBB269224A7EDC80063CDBB /* SwiftUICharts */; };
		5DBB269524AAB2710063CDBB /* CountryDetailViewModel.swift in Sources */ = {isa = PBXBuildFile; fileRef = 5DBB269424AAB2710063CDBB /* CountryDetailViewModel.swift */; };
		5DBB269724BB95B50063CDBB /* Binding+Extension.swift in Sources */ = {isa = PBXBuildFile; fileRef = 5DBB269624BB95B50063CDBB /* Binding+Extension.swift */; };
		5DBB269924BB95E20063CDBB /* StatTypePicker.swift in Sources */ = {isa = PBXBuildFile; fileRef = 5DBB269824BB95E20063CDBB /* StatTypePicker.swift */; };
		5DCB3F06249697A900FBD69A /* AppDelegate.swift in Sources */ = {isa = PBXBuildFile; fileRef = 5DCB3F05249697A900FBD69A /* AppDelegate.swift */; };
		5DCB3F08249697A900FBD69A /* SceneDelegate.swift in Sources */ = {isa = PBXBuildFile; fileRef = 5DCB3F07249697A900FBD69A /* SceneDelegate.swift */; };
		5DCB3F0A249697A900FBD69A /* SummaryView.swift in Sources */ = {isa = PBXBuildFile; fileRef = 5DCB3F09249697A900FBD69A /* SummaryView.swift */; };
		5DCB3F0C249697AC00FBD69A /* Assets.xcassets in Resources */ = {isa = PBXBuildFile; fileRef = 5DCB3F0B249697AC00FBD69A /* Assets.xcassets */; };
		5DCB3F0F249697AC00FBD69A /* Preview Assets.xcassets in Resources */ = {isa = PBXBuildFile; fileRef = 5DCB3F0E249697AC00FBD69A /* Preview Assets.xcassets */; };
		5DCB3F12249697AC00FBD69A /* LaunchScreen.storyboard in Resources */ = {isa = PBXBuildFile; fileRef = 5DCB3F10249697AC00FBD69A /* LaunchScreen.storyboard */; };
		5DCB3F1C249698CC00FBD69A /* SummaryViewModel.swift in Sources */ = {isa = PBXBuildFile; fileRef = 5DCB3F1B249698CC00FBD69A /* SummaryViewModel.swift */; };
		5DCB3F2024969AC200FBD69A /* NetworkManager.swift in Sources */ = {isa = PBXBuildFile; fileRef = 5DCB3F1F24969AC200FBD69A /* NetworkManager.swift */; };
		5DCB3F2324969AEC00FBD69A /* Constants.swift in Sources */ = {isa = PBXBuildFile; fileRef = 5DCB3F2224969AEC00FBD69A /* Constants.swift */; };
		5DCB3F2624969BA100FBD69A /* CountryWebService.swift in Sources */ = {isa = PBXBuildFile; fileRef = 5DCB3F2524969BA000FBD69A /* CountryWebService.swift */; };
		5DCB3F2924969C1F00FBD69A /* Country.swift in Sources */ = {isa = PBXBuildFile; fileRef = 5DCB3F2824969C1F00FBD69A /* Country.swift */; };
		5DCB3F2B24969D7900FBD69A /* CountriesSummary.swift in Sources */ = {isa = PBXBuildFile; fileRef = 5DCB3F2A24969D7900FBD69A /* CountriesSummary.swift */; };
		5DCC44D1249B055B0092F15C /* Int+Extension.swift in Sources */ = {isa = PBXBuildFile; fileRef = 5DCC44D0249B055B0092F15C /* Int+Extension.swift */; };
		5DE66FF924BBD1C20093E083 /* StatsBarLineView.swift in Sources */ = {isa = PBXBuildFile; fileRef = 5DE66FF824BBD1C20093E083 /* StatsBarLineView.swift */; };
/* End PBXBuildFile section */

/* Begin PBXFileReference section */
		5D13469824C4F60100DFB5BE /* StatTypeFilter.swift */ = {isa = PBXFileReference; lastKnownFileType = sourcecode.swift; path = StatTypeFilter.swift; sourceTree = "<group>"; };
		5D3BE5902496AEBB008E70A6 /* Color+Extension.swift */ = {isa = PBXFileReference; lastKnownFileType = sourcecode.swift; path = "Color+Extension.swift"; sourceTree = "<group>"; };
		5D3BE5952499AF4B008E70A6 /* ContentLoadingView.swift */ = {isa = PBXFileReference; lastKnownFileType = sourcecode.swift; path = ContentLoadingView.swift; sourceTree = "<group>"; };
		5D3BE5982499B26A008E70A6 /* CountryListItem.swift */ = {isa = PBXFileReference; lastKnownFileType = sourcecode.swift; path = CountryListItem.swift; sourceTree = "<group>"; };
		5D3BE59A2499B2A9008E70A6 /* String+Extension.swift */ = {isa = PBXFileReference; lastKnownFileType = sourcecode.swift; path = "String+Extension.swift"; sourceTree = "<group>"; };
		5D3BE59C2499B3A1008E70A6 /* StatsView.swift */ = {isa = PBXFileReference; lastKnownFileType = sourcecode.swift; path = StatsView.swift; sourceTree = "<group>"; };
		5D3BE59E2499B4FF008E70A6 /* HeaderView.swift */ = {isa = PBXFileReference; lastKnownFileType = sourcecode.swift; path = HeaderView.swift; sourceTree = "<group>"; };
		5D3BE5A02499B757008E70A6 /* UITextFieldView.swift */ = {isa = PBXFileReference; lastKnownFileType = sourcecode.swift; path = UITextFieldView.swift; sourceTree = "<group>"; };
		5DBB268C24A7E9240063CDBB /* IconButton.swift */ = {isa = PBXFileReference; lastKnownFileType = sourcecode.swift; path = IconButton.swift; sourceTree = "<group>"; };
		5DBB268F24A7E9A90063CDBB /* CountryDetailView.swift */ = {isa = PBXFileReference; lastKnownFileType = sourcecode.swift; path = CountryDetailView.swift; sourceTree = "<group>"; };
		5DBB269424AAB2710063CDBB /* CountryDetailViewModel.swift */ = {isa = PBXFileReference; lastKnownFileType = sourcecode.swift; path = CountryDetailViewModel.swift; sourceTree = "<group>"; };
		5DBB269624BB95B50063CDBB /* Binding+Extension.swift */ = {isa = PBXFileReference; lastKnownFileType = sourcecode.swift; path = "Binding+Extension.swift"; sourceTree = "<group>"; };
		5DBB269824BB95E20063CDBB /* StatTypePicker.swift */ = {isa = PBXFileReference; lastKnownFileType = sourcecode.swift; path = StatTypePicker.swift; sourceTree = "<group>"; };
		5DCB3F02249697A900FBD69A /* Covid-19 Tracker.app */ = {isa = PBXFileReference; explicitFileType = wrapper.application; includeInIndex = 0; path = "Covid-19 Tracker.app"; sourceTree = BUILT_PRODUCTS_DIR; };
		5DCB3F05249697A900FBD69A /* AppDelegate.swift */ = {isa = PBXFileReference; lastKnownFileType = sourcecode.swift; path = AppDelegate.swift; sourceTree = "<group>"; };
		5DCB3F07249697A900FBD69A /* SceneDelegate.swift */ = {isa = PBXFileReference; lastKnownFileType = sourcecode.swift; path = SceneDelegate.swift; sourceTree = "<group>"; };
		5DCB3F09249697A900FBD69A /* SummaryView.swift */ = {isa = PBXFileReference; lastKnownFileType = sourcecode.swift; path = SummaryView.swift; sourceTree = "<group>"; };
		5DCB3F0B249697AC00FBD69A /* Assets.xcassets */ = {isa = PBXFileReference; lastKnownFileType = folder.assetcatalog; path = Assets.xcassets; sourceTree = "<group>"; };
		5DCB3F0E249697AC00FBD69A /* Preview Assets.xcassets */ = {isa = PBXFileReference; lastKnownFileType = folder.assetcatalog; path = "Preview Assets.xcassets"; sourceTree = "<group>"; };
		5DCB3F11249697AC00FBD69A /* Base */ = {isa = PBXFileReference; lastKnownFileType = file.storyboard; name = Base; path = Base.lproj/LaunchScreen.storyboard; sourceTree = "<group>"; };
		5DCB3F13249697AC00FBD69A /* Info.plist */ = {isa = PBXFileReference; lastKnownFileType = text.plist.xml; path = Info.plist; sourceTree = "<group>"; };
		5DCB3F1B249698CC00FBD69A /* SummaryViewModel.swift */ = {isa = PBXFileReference; lastKnownFileType = sourcecode.swift; path = SummaryViewModel.swift; sourceTree = "<group>"; };
		5DCB3F1F24969AC200FBD69A /* NetworkManager.swift */ = {isa = PBXFileReference; lastKnownFileType = sourcecode.swift; path = NetworkManager.swift; sourceTree = "<group>"; };
		5DCB3F2224969AEC00FBD69A /* Constants.swift */ = {isa = PBXFileReference; lastKnownFileType = sourcecode.swift; path = Constants.swift; sourceTree = "<group>"; };
		5DCB3F2524969BA000FBD69A /* CountryWebService.swift */ = {isa = PBXFileReference; lastKnownFileType = sourcecode.swift; path = CountryWebService.swift; sourceTree = "<group>"; };
		5DCB3F2824969C1F00FBD69A /* Country.swift */ = {isa = PBXFileReference; lastKnownFileType = sourcecode.swift; path = Country.swift; sourceTree = "<group>"; };
		5DCB3F2A24969D7900FBD69A /* CountriesSummary.swift */ = {isa = PBXFileReference; lastKnownFileType = sourcecode.swift; path = CountriesSummary.swift; sourceTree = "<group>"; };
		5DCC44D0249B055B0092F15C /* Int+Extension.swift */ = {isa = PBXFileReference; lastKnownFileType = sourcecode.swift; path = "Int+Extension.swift"; sourceTree = "<group>"; };
		5DE66FF824BBD1C20093E083 /* StatsBarLineView.swift */ = {isa = PBXFileReference; lastKnownFileType = sourcecode.swift; path = StatsBarLineView.swift; sourceTree = "<group>"; };
/* End PBXFileReference section */

/* Begin PBXFrameworksBuildPhase section */
		5DCB3EFF249697A900FBD69A /* Frameworks */ = {
			isa = PBXFrameworksBuildPhase;
			buildActionMask = 2147483647;
			files = (
				5DBB269324A7EDC80063CDBB /* SwiftUICharts in Frameworks */,
			);
			runOnlyForDeploymentPostprocessing = 0;
		};
/* End PBXFrameworksBuildPhase section */

/* Begin PBXGroup section */
		5D3BE58F2496AEA9008E70A6 /* Extensions */ = {
			isa = PBXGroup;
			children = (
				5D3BE5902496AEBB008E70A6 /* Color+Extension.swift */,
				5D3BE59A2499B2A9008E70A6 /* String+Extension.swift */,
				5DCC44D0249B055B0092F15C /* Int+Extension.swift */,
				5DBB269624BB95B50063CDBB /* Binding+Extension.swift */,
			);
			path = Extensions;
			sourceTree = "<group>";
		};
		5D3BE5942499AF3D008E70A6 /* UI Components */ = {
			isa = PBXGroup;
			children = (
				5D3BE5972499B23F008E70A6 /* List Items */,
				5D3BE5952499AF4B008E70A6 /* ContentLoadingView.swift */,
				5D3BE59C2499B3A1008E70A6 /* StatsView.swift */,
				5D3BE59E2499B4FF008E70A6 /* HeaderView.swift */,
				5D3BE5A02499B757008E70A6 /* UITextFieldView.swift */,
				5DBB268C24A7E9240063CDBB /* IconButton.swift */,
				5DBB269824BB95E20063CDBB /* StatTypePicker.swift */,
				5DE66FF824BBD1C20093E083 /* StatsBarLineView.swift */,
			);
			path = "UI Components";
			sourceTree = "<group>";
		};
		5D3BE5972499B23F008E70A6 /* List Items */ = {
			isa = PBXGroup;
			children = (
				5D3BE5982499B26A008E70A6 /* CountryListItem.swift */,
			);
			path = "List Items";
			sourceTree = "<group>";
		};
		5DBB268E24A7E9890063CDBB /* CountryDetail */ = {
			isa = PBXGroup;
			children = (
				5DBB268F24A7E9A90063CDBB /* CountryDetailView.swift */,
				5DBB269424AAB2710063CDBB /* CountryDetailViewModel.swift */,
			);
			path = CountryDetail;
			sourceTree = "<group>";
		};
		5DCB3EF9249697A900FBD69A = {
			isa = PBXGroup;
			children = (
				5DCB3F04249697A900FBD69A /* Covid-19 Tracker */,
				5DCB3F03249697A900FBD69A /* Products */,
			);
			sourceTree = "<group>";
		};
		5DCB3F03249697A900FBD69A /* Products */ = {
			isa = PBXGroup;
			children = (
				5DCB3F02249697A900FBD69A /* Covid-19 Tracker.app */,
			);
			name = Products;
			sourceTree = "<group>";
		};
		5DCB3F04249697A900FBD69A /* Covid-19 Tracker */ = {
			isa = PBXGroup;
			children = (
				5D3BE5942499AF3D008E70A6 /* UI Components */,
				5DCB3F2724969BAA00FBD69A /* Models */,
				5DCB3F192496983D00FBD69A /* Views */,
				5DCB3F2124969ADB00FBD69A /* Utils */,
				5DCB3F2424969B5D00FBD69A /* Services */,
				5DCB3F1E24969AA500FBD69A /* Managers */,
				5D3BE58F2496AEA9008E70A6 /* Extensions */,
				5DCB3F10249697AC00FBD69A /* LaunchScreen.storyboard */,
				5DCB3F05249697A900FBD69A /* AppDelegate.swift */,
				5DCB3F07249697A900FBD69A /* SceneDelegate.swift */,
				5DCB3F0B249697AC00FBD69A /* Assets.xcassets */,
				5DCB3F13249697AC00FBD69A /* Info.plist */,
				5DCB3F0D249697AC00FBD69A /* Preview Content */,
			);
			path = "Covid-19 Tracker";
			sourceTree = "<group>";
		};
		5DCB3F0D249697AC00FBD69A /* Preview Content */ = {
			isa = PBXGroup;
			children = (
				5DCB3F0E249697AC00FBD69A /* Preview Assets.xcassets */,
			);
			path = "Preview Content";
			sourceTree = "<group>";
		};
		5DCB3F192496983D00FBD69A /* Views */ = {
			isa = PBXGroup;
			children = (
				5DBB268E24A7E9890063CDBB /* CountryDetail */,
				5DCB3F1A2496984800FBD69A /* CountrySummary */,
			);
			path = Views;
			sourceTree = "<group>";
		};
		5DCB3F1A2496984800FBD69A /* CountrySummary */ = {
			isa = PBXGroup;
			children = (
				5DCB3F1B249698CC00FBD69A /* SummaryViewModel.swift */,
				5DCB3F09249697A900FBD69A /* SummaryView.swift */,
			);
			path = CountrySummary;
			sourceTree = "<group>";
		};
		5DCB3F1E24969AA500FBD69A /* Managers */ = {
			isa = PBXGroup;
			children = (
				5DCB3F1F24969AC200FBD69A /* NetworkManager.swift */,
			);
			path = Managers;
			sourceTree = "<group>";
		};
		5DCB3F2124969ADB00FBD69A /* Utils */ = {
			isa = PBXGroup;
			children = (
				5DCB3F2224969AEC00FBD69A /* Constants.swift */,
			);
			path = Utils;
			sourceTree = "<group>";
		};
		5DCB3F2424969B5D00FBD69A /* Services */ = {
			isa = PBXGroup;
			children = (
				5DCB3F2524969BA000FBD69A /* CountryWebService.swift */,
			);
			path = Services;
			sourceTree = "<group>";
		};
		5DCB3F2724969BAA00FBD69A /* Models */ = {
			isa = PBXGroup;
			children = (
				5DCB3F2824969C1F00FBD69A /* Country.swift */,
				5DCB3F2A24969D7900FBD69A /* CountriesSummary.swift */,
				5D13469824C4F60100DFB5BE /* StatTypeFilter.swift */,
			);
			path = Models;
			sourceTree = "<group>";
		};
/* End PBXGroup section */

/* Begin PBXNativeTarget section */
		5DCB3F01249697A900FBD69A /* Covid-19 Tracker */ = {
			isa = PBXNativeTarget;
			buildConfigurationList = 5DCB3F16249697AC00FBD69A /* Build configuration list for PBXNativeTarget "Covid-19 Tracker" */;
			buildPhases = (
				5DCB3EFE249697A900FBD69A /* Sources */,
				5DCB3EFF249697A900FBD69A /* Frameworks */,
				5DCB3F00249697A900FBD69A /* Resources */,
			);
			buildRules = (
			);
			dependencies = (
			);
			name = "Covid-19 Tracker";
			packageProductDependencies = (
				5DBB269224A7EDC80063CDBB /* SwiftUICharts */,
			);
			productName = "Covid-19 Tracker";
			productReference = 5DCB3F02249697A900FBD69A /* Covid-19 Tracker.app */;
			productType = "com.apple.product-type.application";
		};
/* End PBXNativeTarget section */

/* Begin PBXProject section */
		5DCB3EFA249697A900FBD69A /* Project object */ = {
			isa = PBXProject;
			attributes = {
				LastSwiftUpdateCheck = 1150;
				LastUpgradeCheck = 1150;
				ORGANIZATIONNAME = "Nicholas Arduini";
				TargetAttributes = {
					5DCB3F01249697A900FBD69A = {
						CreatedOnToolsVersion = 11.5;
					};
				};
			};
			buildConfigurationList = 5DCB3EFD249697A900FBD69A /* Build configuration list for PBXProject "Covid-19 Tracker" */;
			compatibilityVersion = "Xcode 9.3";
			developmentRegion = en;
			hasScannedForEncodings = 0;
			knownRegions = (
				en,
				Base,
			);
			mainGroup = 5DCB3EF9249697A900FBD69A;
			packageReferences = (
				5DBB269124A7EDC80063CDBB /* XCRemoteSwiftPackageReference "ChartView" */,
			);
			productRefGroup = 5DCB3F03249697A900FBD69A /* Products */;
			projectDirPath = "";
			projectRoot = "";
			targets = (
				5DCB3F01249697A900FBD69A /* Covid-19 Tracker */,
			);
		};
/* End PBXProject section */

/* Begin PBXResourcesBuildPhase section */
		5DCB3F00249697A900FBD69A /* Resources */ = {
			isa = PBXResourcesBuildPhase;
			buildActionMask = 2147483647;
			files = (
				5DCB3F12249697AC00FBD69A /* LaunchScreen.storyboard in Resources */,
				5DCB3F0F249697AC00FBD69A /* Preview Assets.xcassets in Resources */,
				5DCB3F0C249697AC00FBD69A /* Assets.xcassets in Resources */,
			);
			runOnlyForDeploymentPostprocessing = 0;
		};
/* End PBXResourcesBuildPhase section */

/* Begin PBXSourcesBuildPhase section */
		5DCB3EFE249697A900FBD69A /* Sources */ = {
			isa = PBXSourcesBuildPhase;
			buildActionMask = 2147483647;
			files = (
				5DBB268D24A7E9240063CDBB /* IconButton.swift in Sources */,
				5DBB269024A7E9A90063CDBB /* CountryDetailView.swift in Sources */,
				5DCB3F1C249698CC00FBD69A /* SummaryViewModel.swift in Sources */,
				5DCB3F2624969BA100FBD69A /* CountryWebService.swift in Sources */,
				5D3BE5A12499B757008E70A6 /* UITextFieldView.swift in Sources */,
				5DCC44D1249B055B0092F15C /* Int+Extension.swift in Sources */,
				5DBB269524AAB2710063CDBB /* CountryDetailViewModel.swift in Sources */,
				5DCB3F06249697A900FBD69A /* AppDelegate.swift in Sources */,
				5D3BE5962499AF4B008E70A6 /* ContentLoadingView.swift in Sources */,
				5DCB3F2024969AC200FBD69A /* NetworkManager.swift in Sources */,
				5DCB3F2B24969D7900FBD69A /* CountriesSummary.swift in Sources */,
				5D13469924C4F60100DFB5BE /* StatTypeFilter.swift in Sources */,
				5D3BE59B2499B2A9008E70A6 /* String+Extension.swift in Sources */,
				5DCB3F2924969C1F00FBD69A /* Country.swift in Sources */,
				5DBB269724BB95B50063CDBB /* Binding+Extension.swift in Sources */,
				5DCB3F08249697A900FBD69A /* SceneDelegate.swift in Sources */,
				5DE66FF924BBD1C20093E083 /* StatsBarLineView.swift in Sources */,
				5DCB3F0A249697A900FBD69A /* SummaryView.swift in Sources */,
				5D3BE59F2499B4FF008E70A6 /* HeaderView.swift in Sources */,
				5DCB3F2324969AEC00FBD69A /* Constants.swift in Sources */,
				5D3BE5912496AEBB008E70A6 /* Color+Extension.swift in Sources */,
				5DBB269924BB95E20063CDBB /* StatTypePicker.swift in Sources */,
				5D3BE59D2499B3A1008E70A6 /* StatsView.swift in Sources */,
				5D3BE5992499B26A008E70A6 /* CountryListItem.swift in Sources */,
			);
			runOnlyForDeploymentPostprocessing = 0;
		};
/* End PBXSourcesBuildPhase section */

/* Begin PBXVariantGroup section */
		5DCB3F10249697AC00FBD69A /* LaunchScreen.storyboard */ = {
			isa = PBXVariantGroup;
			children = (
				5DCB3F11249697AC00FBD69A /* Base */,
			);
			name = LaunchScreen.storyboard;
			sourceTree = "<group>";
		};
/* End PBXVariantGroup section */

/* Begin XCBuildConfiguration section */
		5DCB3F14249697AC00FBD69A /* Debug */ = {
			isa = XCBuildConfiguration;
			buildSettings = {
				ALWAYS_SEARCH_USER_PATHS = NO;
				CLANG_ANALYZER_NONNULL = YES;
				CLANG_ANALYZER_NUMBER_OBJECT_CONVERSION = YES_AGGRESSIVE;
				CLANG_CXX_LANGUAGE_STANDARD = "gnu++14";
				CLANG_CXX_LIBRARY = "libc++";
				CLANG_ENABLE_MODULES = YES;
				CLANG_ENABLE_OBJC_ARC = YES;
				CLANG_ENABLE_OBJC_WEAK = YES;
				CLANG_WARN_BLOCK_CAPTURE_AUTORELEASING = YES;
				CLANG_WARN_BOOL_CONVERSION = YES;
				CLANG_WARN_COMMA = YES;
				CLANG_WARN_CONSTANT_CONVERSION = YES;
				CLANG_WARN_DEPRECATED_OBJC_IMPLEMENTATIONS = YES;
				CLANG_WARN_DIRECT_OBJC_ISA_USAGE = YES_ERROR;
				CLANG_WARN_DOCUMENTATION_COMMENTS = YES;
				CLANG_WARN_EMPTY_BODY = YES;
				CLANG_WARN_ENUM_CONVERSION = YES;
				CLANG_WARN_INFINITE_RECURSION = YES;
				CLANG_WARN_INT_CONVERSION = YES;
				CLANG_WARN_NON_LITERAL_NULL_CONVERSION = YES;
				CLANG_WARN_OBJC_IMPLICIT_RETAIN_SELF = YES;
				CLANG_WARN_OBJC_LITERAL_CONVERSION = YES;
				CLANG_WARN_OBJC_ROOT_CLASS = YES_ERROR;
				CLANG_WARN_RANGE_LOOP_ANALYSIS = YES;
				CLANG_WARN_STRICT_PROTOTYPES = YES;
				CLANG_WARN_SUSPICIOUS_MOVE = YES;
				CLANG_WARN_UNGUARDED_AVAILABILITY = YES_AGGRESSIVE;
				CLANG_WARN_UNREACHABLE_CODE = YES;
				CLANG_WARN__DUPLICATE_METHOD_MATCH = YES;
				COPY_PHASE_STRIP = NO;
				DEBUG_INFORMATION_FORMAT = dwarf;
				ENABLE_STRICT_OBJC_MSGSEND = YES;
				ENABLE_TESTABILITY = YES;
				GCC_C_LANGUAGE_STANDARD = gnu11;
				GCC_DYNAMIC_NO_PIC = NO;
				GCC_NO_COMMON_BLOCKS = YES;
				GCC_OPTIMIZATION_LEVEL = 0;
				GCC_PREPROCESSOR_DEFINITIONS = (
					"DEBUG=1",
					"$(inherited)",
				);
				GCC_WARN_64_TO_32_BIT_CONVERSION = YES;
				GCC_WARN_ABOUT_RETURN_TYPE = YES_ERROR;
				GCC_WARN_UNDECLARED_SELECTOR = YES;
				GCC_WARN_UNINITIALIZED_AUTOS = YES_AGGRESSIVE;
				GCC_WARN_UNUSED_FUNCTION = YES;
				GCC_WARN_UNUSED_VARIABLE = YES;
				IPHONEOS_DEPLOYMENT_TARGET = 13.5;
				MTL_ENABLE_DEBUG_INFO = INCLUDE_SOURCE;
				MTL_FAST_MATH = YES;
				ONLY_ACTIVE_ARCH = YES;
				SDKROOT = iphoneos;
				SWIFT_ACTIVE_COMPILATION_CONDITIONS = DEBUG;
				SWIFT_OPTIMIZATION_LEVEL = "-Onone";
			};
			name = Debug;
		};
		5DCB3F15249697AC00FBD69A /* Release */ = {
			isa = XCBuildConfiguration;
			buildSettings = {
				ALWAYS_SEARCH_USER_PATHS = NO;
				CLANG_ANALYZER_NONNULL = YES;
				CLANG_ANALYZER_NUMBER_OBJECT_CONVERSION = YES_AGGRESSIVE;
				CLANG_CXX_LANGUAGE_STANDARD = "gnu++14";
				CLANG_CXX_LIBRARY = "libc++";
				CLANG_ENABLE_MODULES = YES;
				CLANG_ENABLE_OBJC_ARC = YES;
				CLANG_ENABLE_OBJC_WEAK = YES;
				CLANG_WARN_BLOCK_CAPTURE_AUTORELEASING = YES;
				CLANG_WARN_BOOL_CONVERSION = YES;
				CLANG_WARN_COMMA = YES;
				CLANG_WARN_CONSTANT_CONVERSION = YES;
				CLANG_WARN_DEPRECATED_OBJC_IMPLEMENTATIONS = YES;
				CLANG_WARN_DIRECT_OBJC_ISA_USAGE = YES_ERROR;
				CLANG_WARN_DOCUMENTATION_COMMENTS = YES;
				CLANG_WARN_EMPTY_BODY = YES;
				CLANG_WARN_ENUM_CONVERSION = YES;
				CLANG_WARN_INFINITE_RECURSION = YES;
				CLANG_WARN_INT_CONVERSION = YES;
				CLANG_WARN_NON_LITERAL_NULL_CONVERSION = YES;
				CLANG_WARN_OBJC_IMPLICIT_RETAIN_SELF = YES;
				CLANG_WARN_OBJC_LITERAL_CONVERSION = YES;
				CLANG_WARN_OBJC_ROOT_CLASS = YES_ERROR;
				CLANG_WARN_RANGE_LOOP_ANALYSIS = YES;
				CLANG_WARN_STRICT_PROTOTYPES = YES;
				CLANG_WARN_SUSPICIOUS_MOVE = YES;
				CLANG_WARN_UNGUARDED_AVAILABILITY = YES_AGGRESSIVE;
				CLANG_WARN_UNREACHABLE_CODE = YES;
				CLANG_WARN__DUPLICATE_METHOD_MATCH = YES;
				COPY_PHASE_STRIP = NO;
				DEBUG_INFORMATION_FORMAT = "dwarf-with-dsym";
				ENABLE_NS_ASSERTIONS = NO;
				ENABLE_STRICT_OBJC_MSGSEND = YES;
				GCC_C_LANGUAGE_STANDARD = gnu11;
				GCC_NO_COMMON_BLOCKS = YES;
				GCC_WARN_64_TO_32_BIT_CONVERSION = YES;
				GCC_WARN_ABOUT_RETURN_TYPE = YES_ERROR;
				GCC_WARN_UNDECLARED_SELECTOR = YES;
				GCC_WARN_UNINITIALIZED_AUTOS = YES_AGGRESSIVE;
				GCC_WARN_UNUSED_FUNCTION = YES;
				GCC_WARN_UNUSED_VARIABLE = YES;
				IPHONEOS_DEPLOYMENT_TARGET = 13.5;
				MTL_ENABLE_DEBUG_INFO = NO;
				MTL_FAST_MATH = YES;
				SDKROOT = iphoneos;
				SWIFT_COMPILATION_MODE = wholemodule;
				SWIFT_OPTIMIZATION_LEVEL = "-O";
				VALIDATE_PRODUCT = YES;
			};
			name = Release;
		};
		5DCB3F17249697AC00FBD69A /* Debug */ = {
			isa = XCBuildConfiguration;
			buildSettings = {
				ASSETCATALOG_COMPILER_APPICON_NAME = AppIcon;
				CODE_SIGN_STYLE = Automatic;
				DEVELOPMENT_ASSET_PATHS = "\"Covid-19 Tracker/Preview Content\"";
				DEVELOPMENT_TEAM = UDGJ8L64CG;
				ENABLE_PREVIEWS = YES;
				INFOPLIST_FILE = "Covid-19 Tracker/Info.plist";
				IPHONEOS_DEPLOYMENT_TARGET = 13.0;
				LD_RUNPATH_SEARCH_PATHS = (
					"$(inherited)",
					"@executable_path/Frameworks",
				);
				PRODUCT_BUNDLE_IDENTIFIER = "com.nicholas.arduini.Covid-19-Tracker";
				PRODUCT_NAME = "$(TARGET_NAME)";
				SWIFT_VERSION = 5.0;
				TARGETED_DEVICE_FAMILY = "1,2";
			};
			name = Debug;
		};
		5DCB3F18249697AC00FBD69A /* Release */ = {
			isa = XCBuildConfiguration;
			buildSettings = {
				ASSETCATALOG_COMPILER_APPICON_NAME = AppIcon;
				CODE_SIGN_STYLE = Automatic;
				DEVELOPMENT_ASSET_PATHS = "\"Covid-19 Tracker/Preview Content\"";
				DEVELOPMENT_TEAM = UDGJ8L64CG;
				ENABLE_PREVIEWS = YES;
				INFOPLIST_FILE = "Covid-19 Tracker/Info.plist";
				IPHONEOS_DEPLOYMENT_TARGET = 13.0;
				LD_RUNPATH_SEARCH_PATHS = (
					"$(inherited)",
					"@executable_path/Frameworks",
				);
				PRODUCT_BUNDLE_IDENTIFIER = "com.nicholas.arduini.Covid-19-Tracker";
				PRODUCT_NAME = "$(TARGET_NAME)";
				SWIFT_VERSION = 5.0;
				TARGETED_DEVICE_FAMILY = "1,2";
			};
			name = Release;
		};
/* End XCBuildConfiguration section */

/* Begin XCConfigurationList section */
		5DCB3EFD249697A900FBD69A /* Build configuration list for PBXProject "Covid-19 Tracker" */ = {
			isa = XCConfigurationList;
			buildConfigurations = (
				5DCB3F14249697AC00FBD69A /* Debug */,
				5DCB3F15249697AC00FBD69A /* Release */,
			);
			defaultConfigurationIsVisible = 0;
			defaultConfigurationName = Release;
		};
		5DCB3F16249697AC00FBD69A /* Build configuration list for PBXNativeTarget "Covid-19 Tracker" */ = {
			isa = XCConfigurationList;
			buildConfigurations = (
				5DCB3F17249697AC00FBD69A /* Debug */,
				5DCB3F18249697AC00FBD69A /* Release */,
			);
			defaultConfigurationIsVisible = 0;
			defaultConfigurationName = Release;
		};
/* End XCConfigurationList section */

/* Begin XCRemoteSwiftPackageReference section */
		5DBB269124A7EDC80063CDBB /* XCRemoteSwiftPackageReference "ChartView" */ = {
			isa = XCRemoteSwiftPackageReference;
			repositoryURL = "https://github.com/AppPear/ChartView";
			requirement = {
				kind = upToNextMinorVersion;
				minimumVersion = 1.5.1;
			};
		};
/* End XCRemoteSwiftPackageReference section */

/* Begin XCSwiftPackageProductDependency section */
		5DBB269224A7EDC80063CDBB /* SwiftUICharts */ = {
			isa = XCSwiftPackageProductDependency;
			package = 5DBB269124A7EDC80063CDBB /* XCRemoteSwiftPackageReference "ChartView" */;
			productName = SwiftUICharts;
		};
/* End XCSwiftPackageProductDependency section */
	};
	rootObject = 5DCB3EFA249697A900FBD69A /* Project object */;
}
